
Microsoft Visual Studio Solution File, Format Version 12.00
# Visual Studio Version 16
VisualStudioVersion = 16.0.29503.13
MinimumVisualStudioVersion = 10.0.40219.1
Project("{FAE04EC0-301F-11D3-BF4B-00C04F79EFBC}") = "PermissionsWebApp", "PermissionsWebApp\PermissionsWebApp.csproj", "{31A6AFB6-FBBF-45C0-AFA2-55CB858109F4}"
EndProject
Global
	GlobalSection(SolutionConfigurationPlatforms) = preSolution
		Debug|Any CPU = Debug|Any CPU
		Release|Any CPU = Release|Any CPU
	EndGlobalSection
	GlobalSection(ProjectConfigurationPlatforms) = postSolution
		{31A6AFB6-FBBF-45C0-AFA2-55CB858109F4}.Debug|Any CPU.ActiveCfg = Debug|Any CPU
		{31A6AFB6-FBBF-45C0-AFA2-55CB858109F4}.Debug|Any CPU.Build.0 = Debug|Any CPU
		{31A6AFB6-FBBF-45C0-AFA2-55CB858109F4}.Release|Any CPU.ActiveCfg = Release|Any CPU
		{31A6AFB6-FBBF-45C0-AFA2-55CB858109F4}.Release|Any CPU.Build.0 = Release|Any CPU
	EndGlobalSection
	GlobalSection(SolutionProperties) = preSolution
		HideSolutionNode = FALSE
	EndGlobalSection
	GlobalSection(ExtensibilityGlobals) = postSolution
		SolutionGuid = {2BF012FD-5DCE-40FE-845D-6D1357C97205}
	EndGlobalSection
EndGlobal
